
Microsoft Visual Studio Solution File, Format Version 12.00
# Visual Studio Version 17
VisualStudioVersion = 17.0.32014.148
MinimumVisualStudioVersion = 10.0.40219.1
Project("{FAE04EC0-301F-11D3-BF4B-00C04F79EFBC}") = "PasswordHashUtility", "PasswordHashUtility\PasswordHashUtility.csproj", "{F2246100-6114-4D8E-8BC9-91E86B3D678D}"
EndProject
Project("{FAE04EC0-301F-11D3-BF4B-00C04F79EFBC}") = "ConsoleApp1", "ConsoleApp1\ConsoleApp1.csproj", "{84DF902A-5023-4AF6-B427-261D6D089E20}"
EndProject
Global
	GlobalSection(SolutionConfigurationPlatforms) = preSolution
		Debug|Any CPU = Debug|Any CPU
		Release|Any CPU = Release|Any CPU
	EndGlobalSection
	GlobalSection(ProjectConfigurationPlatforms) = postSolution
		{F2246100-6114-4D8E-8BC9-91E86B3D678D}.Debug|Any CPU.ActiveCfg = Debug|Any CPU
		{F2246100-6114-4D8E-8BC9-91E86B3D678D}.Debug|Any CPU.Build.0 = Debug|Any CPU
		{F2246100-6114-4D8E-8BC9-91E86B3D678D}.Release|Any CPU.ActiveCfg = Release|Any CPU
		{F2246100-6114-4D8E-8BC9-91E86B3D678D}.Release|Any CPU.Build.0 = Release|Any CPU
		{84DF902A-5023-4AF6-B427-261D6D089E20}.Debug|Any CPU.ActiveCfg = Debug|Any CPU
		{84DF902A-5023-4AF6-B427-261D6D089E20}.Debug|Any CPU.Build.0 = Debug|Any CPU
		{84DF902A-5023-4AF6-B427-261D6D089E20}.Release|Any CPU.ActiveCfg = Release|Any CPU
		{84DF902A-5023-4AF6-B427-261D6D089E20}.Release|Any CPU.Build.0 = Release|Any CPU
	EndGlobalSection
	GlobalSection(SolutionProperties) = preSolution
		HideSolutionNode = FALSE
	EndGlobalSection
	GlobalSection(ExtensibilityGlobals) = postSolution
		SolutionGuid = {90DA1B4B-DC36-4C1A-AC18-A01F188B5F72}
	EndGlobalSection
EndGlobal
